
Microsoft Visual Studio Solution File, Format Version 12.00
Project("{FAE04EC0-301F-11D3-BF4B-00C04F79EFBC}") = "ElsaTest.Server", "ElsaTest.Server\ElsaTest.Server.csproj", "{AB9845E1-36FE-4FE2-9D42-C9DED534A6B3}"
EndProject
Global
	GlobalSection(SolutionConfigurationPlatforms) = preSolution
		Debug|Any CPU = Debug|Any CPU
		Release|Any CPU = Release|Any CPU
	EndGlobalSection
	GlobalSection(ProjectConfigurationPlatforms) = postSolution
		{AB9845E1-36FE-4FE2-9D42-C9DED534A6B3}.Debug|Any CPU.ActiveCfg = Debug|Any CPU
		{AB9845E1-36FE-4FE2-9D42-C9DED534A6B3}.Debug|Any CPU.Build.0 = Debug|Any CPU
		{AB9845E1-36FE-4FE2-9D42-C9DED534A6B3}.Release|Any CPU.ActiveCfg = Release|Any CPU
		{AB9845E1-36FE-4FE2-9D42-C9DED534A6B3}.Release|Any CPU.Build.0 = Release|Any CPU
	EndGlobalSection
EndGlobal
